
Microsoft Visual Studio Solution File, Format Version 12.00
# Visual Studio 14
VisualStudioVersion = 14.0.25420.1
MinimumVisualStudioVersion = 10.0.40219.1
Project("{F2A71F9B-5D33-465A-A702-920D77279786}") = "datasource", "datasource\DataSource.fsproj", "{238A596E-A13F-47EC-ABD2-D58FB375075F}"
EndProject
Project("{FAE04EC0-301F-11D3-BF4B-00C04F79EFBC}") = "IndexerApp", "indexerapp\IndexerApp.csproj", "{55350162-A90E-409D-8DE8-BB953729AA8D}"
EndProject
Project("{2150E333-8FDC-42A3-9474-1A3956D46DE8}") = "Data", "Data", "{30DAF155-7812-48CB-A2E3-6168760D883A}"
	ProjectSection(SolutionItems) = preProject
		data\beers.json = data\beers.json
		data\styles.json = data\styles.json
	EndProjectSection
EndProject
Global
	GlobalSection(SolutionConfigurationPlatforms) = preSolution
		Debug|Any CPU = Debug|Any CPU
		Release|Any CPU = Release|Any CPU
	EndGlobalSection
	GlobalSection(ProjectConfigurationPlatforms) = postSolution
		{238A596E-A13F-47EC-ABD2-D58FB375075F}.Debug|Any CPU.ActiveCfg = Debug|Any CPU
		{238A596E-A13F-47EC-ABD2-D58FB375075F}.Debug|Any CPU.Build.0 = Debug|Any CPU
		{238A596E-A13F-47EC-ABD2-D58FB375075F}.Release|Any CPU.ActiveCfg = Release|Any CPU
		{238A596E-A13F-47EC-ABD2-D58FB375075F}.Release|Any CPU.Build.0 = Release|Any CPU
		{55350162-A90E-409D-8DE8-BB953729AA8D}.Debug|Any CPU.ActiveCfg = Debug|Any CPU
		{55350162-A90E-409D-8DE8-BB953729AA8D}.Debug|Any CPU.Build.0 = Debug|Any CPU
		{55350162-A90E-409D-8DE8-BB953729AA8D}.Release|Any CPU.ActiveCfg = Release|Any CPU
		{55350162-A90E-409D-8DE8-BB953729AA8D}.Release|Any CPU.Build.0 = Release|Any CPU
	EndGlobalSection
	GlobalSection(SolutionProperties) = preSolution
		HideSolutionNode = FALSE
	EndGlobalSection
EndGlobal
